
Microsoft Visual Studio Solution File, Format Version 12.00
# Visual Studio Version 16
VisualStudioVersion = 16.0.31424.327
MinimumVisualStudioVersion = 10.0.40219.1
Project("{FAE04EC0-301F-11D3-BF4B-00C04F79EFBC}") = "hiolauncher2", "hiolauncher2.csproj", "{1640CB10-21C7-45B6-9337-AD269712EB31}"
EndProject
Global
	GlobalSection(SolutionConfigurationPlatforms) = preSolution
		Debug|Any CPU = Debug|Any CPU
		Release|Any CPU = Release|Any CPU
	EndGlobalSection
	GlobalSection(ProjectConfigurationPlatforms) = postSolution
		{1640CB10-21C7-45B6-9337-AD269712EB31}.Debug|Any CPU.ActiveCfg = Debug|Any CPU
		{1640CB10-21C7-45B6-9337-AD269712EB31}.Debug|Any CPU.Build.0 = Debug|Any CPU
		{1640CB10-21C7-45B6-9337-AD269712EB31}.Release|Any CPU.ActiveCfg = Release|Any CPU
		{1640CB10-21C7-45B6-9337-AD269712EB31}.Release|Any CPU.Build.0 = Release|Any CPU
	EndGlobalSection
	GlobalSection(SolutionProperties) = preSolution
		HideSolutionNode = FALSE
	EndGlobalSection
	GlobalSection(ExtensibilityGlobals) = postSolution
		SolutionGuid = {B26B5C62-BE25-4BCD-B729-B11BDA51D289}
	EndGlobalSection
EndGlobal
